
Microsoft Visual Studio Solution File, Format Version 12.00
# Visual Studio Version 16
VisualStudioVersion = 16.0.31410.357
MinimumVisualStudioVersion = 10.0.40219.1
Project("{FAE04EC0-301F-11D3-BF4B-00C04F79EFBC}") = "OTP", "OTP.csproj", "{00493F61-C1D6-462D-BB3E-B36819DFE190}"
EndProject
Global
	GlobalSection(SolutionConfigurationPlatforms) = preSolution
		Debug|Any CPU = Debug|Any CPU
		Release|Any CPU = Release|Any CPU
	EndGlobalSection
	GlobalSection(ProjectConfigurationPlatforms) = postSolution
		{00493F61-C1D6-462D-BB3E-B36819DFE190}.Debug|Any CPU.ActiveCfg = Debug|Any CPU
		{00493F61-C1D6-462D-BB3E-B36819DFE190}.Debug|Any CPU.Build.0 = Debug|Any CPU
		{00493F61-C1D6-462D-BB3E-B36819DFE190}.Release|Any CPU.ActiveCfg = Release|Any CPU
		{00493F61-C1D6-462D-BB3E-B36819DFE190}.Release|Any CPU.Build.0 = Release|Any CPU
	EndGlobalSection
	GlobalSection(SolutionProperties) = preSolution
		HideSolutionNode = FALSE
	EndGlobalSection
	GlobalSection(ExtensibilityGlobals) = postSolution
		SolutionGuid = {A1104C39-71F0-4CEB-BB72-1CAA9D6F2FF6}
	EndGlobalSection
EndGlobal
